// !$*UTF8*$!
{
	archiveVersion = 1;
	classes = {
	};
	objectVersion = 48;
	objects = {

/* Begin PBXBuildFile section */
		17378D1C20F8804F00843502 /* Utils.swift in Sources */ = {isa = PBXBuildFile; fileRef = 17378D1B20F8804F00843502 /* Utils.swift */; };
		17378D1F20F885B700843502 /* Localizable.strings in Resources */ = {isa = PBXBuildFile; fileRef = 17378D2120F885B700843502 /* Localizable.strings */; };
		17378D2420F88DF800843502 /* Demo2ViewController.swift in Sources */ = {isa = PBXBuildFile; fileRef = 17378D2320F88DF800843502 /* Demo2ViewController.swift */; };
		17378D2620F8924000843502 /* DataTableViewCell.swift in Sources */ = {isa = PBXBuildFile; fileRef = 17378D2520F8924000843502 /* DataTableViewCell.swift */; };
		179D8AC920FC58E800F9BF1A /* Demo31ViewController.swift in Sources */ = {isa = PBXBuildFile; fileRef = 179D8AC820FC58E800F9BF1A /* Demo31ViewController.swift */; };
		179D8ACB20FC7A5C00F9BF1A /* Demo32ViewController.swift in Sources */ = {isa = PBXBuildFile; fileRef = 179D8ACA20FC7A5C00F9BF1A /* Demo32ViewController.swift */; };
		17E87A1420F7546100D21861 /* AppDelegate.swift in Sources */ = {isa = PBXBuildFile; fileRef = 17E87A1320F7546100D21861 /* AppDelegate.swift */; };
		17E87A1620F7546100D21861 /* Demo1ViewController.swift in Sources */ = {isa = PBXBuildFile; fileRef = 17E87A1520F7546100D21861 /* Demo1ViewController.swift */; };
		17E87A1920F7546100D21861 /* Main.storyboard in Resources */ = {isa = PBXBuildFile; fileRef = 17E87A1720F7546100D21861 /* Main.storyboard */; };
		17E87A1B20F7546100D21861 /* Assets.xcassets in Resources */ = {isa = PBXBuildFile; fileRef = 17E87A1A20F7546100D21861 /* Assets.xcassets */; };
		17E87A1E20F7546100D21861 /* LaunchScreen.storyboard in Resources */ = {isa = PBXBuildFile; fileRef = 17E87A1C20F7546100D21861 /* LaunchScreen.storyboard */; };
		17E87A2C20F75ABA00D21861 /* SWRevealViewController.m in Sources */ = {isa = PBXBuildFile; fileRef = 17E87A2B20F75ABA00D21861 /* SWRevealViewController.m */; };
		17E87A2E20F75CB600D21861 /* MenuViewController.swift in Sources */ = {isa = PBXBuildFile; fileRef = 17E87A2D20F75CB600D21861 /* MenuViewController.swift */; };
		17E87A3120F8645000D21861 /* Mbaas.swift in Sources */ = {isa = PBXBuildFile; fileRef = 17E87A3020F8645000D21861 /* Mbaas.swift */; };
		9204EE10086A2F2DC95E9778 /* Pods_SwiftFormApp.framework in Frameworks */ = {isa = PBXBuildFile; fileRef = 2483E6F26473994357C2EEA0 /* Pods_SwiftFormApp.framework */; };
/* End PBXBuildFile section */

/* Begin PBXFileReference section */
		17378D1B20F8804F00843502 /* Utils.swift */ = {isa = PBXFileReference; lastKnownFileType = sourcecode.swift; path = Utils.swift; sourceTree = "<group>"; };
		17378D2020F885B700843502 /* en */ = {isa = PBXFileReference; lastKnownFileType = text.plist.strings; name = en; path = en.lproj/Localizable.strings; sourceTree = "<group>"; };
		17378D2220F885F200843502 /* ja */ = {isa = PBXFileReference; lastKnownFileType = text.plist.strings; name = ja; path = ja.lproj/Localizable.strings; sourceTree = "<group>"; };
		17378D2320F88DF800843502 /* Demo2ViewController.swift */ = {isa = PBXFileReference; lastKnownFileType = sourcecode.swift; path = Demo2ViewController.swift; sourceTree = "<group>"; };
		17378D2520F8924000843502 /* DataTableViewCell.swift */ = {isa = PBXFileReference; lastKnownFileType = sourcecode.swift; path = DataTableViewCell.swift; sourceTree = "<group>"; };
		179D8AC820FC58E800F9BF1A /* Demo31ViewController.swift */ = {isa = PBXFileReference; lastKnownFileType = sourcecode.swift; path = Demo31ViewController.swift; sourceTree = "<group>"; };
		179D8ACA20FC7A5C00F9BF1A /* Demo32ViewController.swift */ = {isa = PBXFileReference; lastKnownFileType = sourcecode.swift; path = Demo32ViewController.swift; sourceTree = "<group>"; };
		17E87A1020F7546100D21861 /* SwiftFormApp.app */ = {isa = PBXFileReference; explicitFileType = wrapper.application; includeInIndex = 0; path = SwiftFormApp.app; sourceTree = BUILT_PRODUCTS_DIR; };
		17E87A1320F7546100D21861 /* AppDelegate.swift */ = {isa = PBXFileReference; lastKnownFileType = sourcecode.swift; path = AppDelegate.swift; sourceTree = "<group>"; };
		17E87A1520F7546100D21861 /* Demo1ViewController.swift */ = {isa = PBXFileReference; lastKnownFileType = sourcecode.swift; path = Demo1ViewController.swift; sourceTree = "<group>"; };
		17E87A1820F7546100D21861 /* Base */ = {isa = PBXFileReference; lastKnownFileType = file.storyboard; name = Base; path = Base.lproj/Main.storyboard; sourceTree = "<group>"; };
		17E87A1A20F7546100D21861 /* Assets.xcassets */ = {isa = PBXFileReference; lastKnownFileType = folder.assetcatalog; path = Assets.xcassets; sourceTree = "<group>"; };
		17E87A1D20F7546100D21861 /* Base */ = {isa = PBXFileReference; lastKnownFileType = file.storyboard; name = Base; path = Base.lproj/LaunchScreen.storyboard; sourceTree = "<group>"; };
		17E87A1F20F7546100D21861 /* Info.plist */ = {isa = PBXFileReference; lastKnownFileType = text.plist.xml; path = Info.plist; sourceTree = "<group>"; };
		17E87A2620F759FF00D21861 /* SwiftFormApp-Bridging-Header.h */ = {isa = PBXFileReference; lastKnownFileType = sourcecode.c.h; path = "SwiftFormApp-Bridging-Header.h"; sourceTree = "<group>"; };
		17E87A2A20F75ABA00D21861 /* SWRevealViewController.h */ = {isa = PBXFileReference; fileEncoding = 4; lastKnownFileType = sourcecode.c.h; path = SWRevealViewController.h; sourceTree = "<group>"; };
		17E87A2B20F75ABA00D21861 /* SWRevealViewController.m */ = {isa = PBXFileReference; fileEncoding = 4; lastKnownFileType = sourcecode.c.objc; path = SWRevealViewController.m; sourceTree = "<group>"; };
		17E87A2D20F75CB600D21861 /* MenuViewController.swift */ = {isa = PBXFileReference; lastKnownFileType = sourcecode.swift; path = MenuViewController.swift; sourceTree = "<group>"; };
		17E87A3020F8645000D21861 /* Mbaas.swift */ = {isa = PBXFileReference; lastKnownFileType = sourcecode.swift; path = Mbaas.swift; sourceTree = "<group>"; };
		17E87A3220F8655F00D21861 /* SwiftFormApp-Bridging-Header.h */ = {isa = PBXFileReference; lastKnownFileType = sourcecode.c.h; path = "SwiftFormApp-Bridging-Header.h"; sourceTree = "<group>"; };
		2483E6F26473994357C2EEA0 /* Pods_SwiftFormApp.framework */ = {isa = PBXFileReference; explicitFileType = wrapper.framework; includeInIndex = 0; path = Pods_SwiftFormApp.framework; sourceTree = BUILT_PRODUCTS_DIR; };
		BF19C41B3DBFA74A3B44B62F /* Pods-SwiftFormApp.release.xcconfig */ = {isa = PBXFileReference; includeInIndex = 1; lastKnownFileType = text.xcconfig; name = "Pods-SwiftFormApp.release.xcconfig"; path = "Pods/Target Support Files/Pods-SwiftFormApp/Pods-SwiftFormApp.release.xcconfig"; sourceTree = "<group>"; };
		EB9FEA62B11644BFD8CB5466 /* Pods-SwiftFormApp.debug.xcconfig */ = {isa = PBXFileReference; includeInIndex = 1; lastKnownFileType = text.xcconfig; name = "Pods-SwiftFormApp.debug.xcconfig"; path = "Pods/Target Support Files/Pods-SwiftFormApp/Pods-SwiftFormApp.debug.xcconfig"; sourceTree = "<group>"; };
/* End PBXFileReference section */

/* Begin PBXFrameworksBuildPhase section */
		17E87A0D20F7546100D21861 /* Frameworks */ = {
			isa = PBXFrameworksBuildPhase;
			buildActionMask = 2147483647;
			files = (
				9204EE10086A2F2DC95E9778 /* Pods_SwiftFormApp.framework in Frameworks */,
			);
			runOnlyForDeploymentPostprocessing = 0;
		};
/* End PBXFrameworksBuildPhase section */

/* Begin PBXGroup section */
		17378D1A20F8803400843502 /* Utility */ = {
			isa = PBXGroup;
			children = (
				17378D1B20F8804F00843502 /* Utils.swift */,
			);
			path = Utility;
			sourceTree = "<group>";
		};
		17E87A0720F7546100D21861 = {
			isa = PBXGroup;
			children = (
				17E87A1220F7546100D21861 /* SwiftFormApp */,
				17E87A1120F7546100D21861 /* Products */,
				741BE7B2B8970C15128AC64D /* Pods */,
				D3898B5AA7E6D183E0F67594 /* Frameworks */,
			);
			sourceTree = "<group>";
		};
		17E87A1120F7546100D21861 /* Products */ = {
			isa = PBXGroup;
			children = (
				17E87A1020F7546100D21861 /* SwiftFormApp.app */,
			);
			name = Products;
			sourceTree = "<group>";
		};
		17E87A1220F7546100D21861 /* SwiftFormApp */ = {
			isa = PBXGroup;
			children = (
				17E87A2F20F8644000D21861 /* Mbaas */,
				17378D1A20F8803400843502 /* Utility */,
				17E87A2520F7595E00D21861 /* SWRevealViewController */,
				17E87A1320F7546100D21861 /* AppDelegate.swift */,
				17E87A2D20F75CB600D21861 /* MenuViewController.swift */,
				17E87A1520F7546100D21861 /* Demo1ViewController.swift */,
				17378D2320F88DF800843502 /* Demo2ViewController.swift */,
				179D8AC820FC58E800F9BF1A /* Demo31ViewController.swift */,
				179D8ACA20FC7A5C00F9BF1A /* Demo32ViewController.swift */,
				17378D2520F8924000843502 /* DataTableViewCell.swift */,
				17E87A1720F7546100D21861 /* Main.storyboard */,
				17E87A1A20F7546100D21861 /* Assets.xcassets */,
				17E87A1C20F7546100D21861 /* LaunchScreen.storyboard */,
				17E87A1F20F7546100D21861 /* Info.plist */,
				17E87A3220F8655F00D21861 /* SwiftFormApp-Bridging-Header.h */,
				17378D2120F885B700843502 /* Localizable.strings */,
			);
			path = SwiftFormApp;
			sourceTree = "<group>";
		};
		17E87A2520F7595E00D21861 /* SWRevealViewController */ = {
			isa = PBXGroup;
			children = (
				17E87A2A20F75ABA00D21861 /* SWRevealViewController.h */,
				17E87A2B20F75ABA00D21861 /* SWRevealViewController.m */,
				17E87A2620F759FF00D21861 /* SwiftFormApp-Bridging-Header.h */,
			);
			path = SWRevealViewController;
			sourceTree = "<group>";
		};
		17E87A2F20F8644000D21861 /* Mbaas */ = {
			isa = PBXGroup;
			children = (
				17E87A3020F8645000D21861 /* Mbaas.swift */,
			);
			path = Mbaas;
			sourceTree = "<group>";
		};
		741BE7B2B8970C15128AC64D /* Pods */ = {
			isa = PBXGroup;
			children = (
				EB9FEA62B11644BFD8CB5466 /* Pods-SwiftFormApp.debug.xcconfig */,
				BF19C41B3DBFA74A3B44B62F /* Pods-SwiftFormApp.release.xcconfig */,
			);
			name = Pods;
			sourceTree = "<group>";
		};
		D3898B5AA7E6D183E0F67594 /* Frameworks */ = {
			isa = PBXGroup;
			children = (
				2483E6F26473994357C2EEA0 /* Pods_SwiftFormApp.framework */,
			);
			name = Frameworks;
			sourceTree = "<group>";
		};
/* End PBXGroup section */

/* Begin PBXNativeTarget section */
		17E87A0F20F7546100D21861 /* SwiftFormApp */ = {
			isa = PBXNativeTarget;
			buildConfigurationList = 17E87A2220F7546100D21861 /* Build configuration list for PBXNativeTarget "SwiftFormApp" */;
			buildPhases = (
				EA07A347EFB97AFBDB0596AE /* [CP] Check Pods Manifest.lock */,
				17E87A0C20F7546100D21861 /* Sources */,
				17E87A0D20F7546100D21861 /* Frameworks */,
				17E87A0E20F7546100D21861 /* Resources */,
				02FD8C0F51CF8192E18EA8AD /* [CP] Embed Pods Frameworks */,
			);
			buildRules = (
			);
			dependencies = (
			);
			name = SwiftFormApp;
			productName = SwiftFormApp;
			productReference = 17E87A1020F7546100D21861 /* SwiftFormApp.app */;
			productType = "com.apple.product-type.application";
		};
/* End PBXNativeTarget section */

/* Begin PBXProject section */
		17E87A0820F7546100D21861 /* Project object */ = {
			isa = PBXProject;
			attributes = {
				LastSwiftUpdateCheck = 0920;
				LastUpgradeCheck = 0920;
				ORGANIZATIONNAME = CANCC;
				TargetAttributes = {
					17E87A0F20F7546100D21861 = {
						CreatedOnToolsVersion = 9.2;
						LastSwiftMigration = 0920;
						ProvisioningStyle = Automatic;
					};
				};
			};
			buildConfigurationList = 17E87A0B20F7546100D21861 /* Build configuration list for PBXProject "SwiftFormApp" */;
			compatibilityVersion = "Xcode 8.0";
			developmentRegion = en;
			hasScannedForEncodings = 0;
			knownRegions = (
				en,
				Base,
				ja,
			);
			mainGroup = 17E87A0720F7546100D21861;
			productRefGroup = 17E87A1120F7546100D21861 /* Products */;
			projectDirPath = "";
			projectRoot = "";
			targets = (
				17E87A0F20F7546100D21861 /* SwiftFormApp */,
			);
		};
/* End PBXProject section */

/* Begin PBXResourcesBuildPhase section */
		17E87A0E20F7546100D21861 /* Resources */ = {
			isa = PBXResourcesBuildPhase;
			buildActionMask = 2147483647;
			files = (
				17E87A1E20F7546100D21861 /* LaunchScreen.storyboard in Resources */,
				17378D1F20F885B700843502 /* Localizable.strings in Resources */,
				17E87A1B20F7546100D21861 /* Assets.xcassets in Resources */,
				17E87A1920F7546100D21861 /* Main.storyboard in Resources */,
			);
			runOnlyForDeploymentPostprocessing = 0;
		};
/* End PBXResourcesBuildPhase section */

/* Begin PBXShellScriptBuildPhase section */
		02FD8C0F51CF8192E18EA8AD /* [CP] Embed Pods Frameworks */ = {
			isa = PBXShellScriptBuildPhase;
			buildActionMask = 2147483647;
			files = (
			);
			inputPaths = (
				"${SRCROOT}/Pods/Target Support Files/Pods-SwiftFormApp/Pods-SwiftFormApp-frameworks.sh",
				"${BUILT_PRODUCTS_DIR}/IQKeyboardManagerSwift/IQKeyboardManagerSwift.framework",
				"${BUILT_PRODUCTS_DIR}/NCMB/NCMB.framework",
				"${BUILT_PRODUCTS_DIR}/ProgressHUD/ProgressHUD.framework",
				"${BUILT_PRODUCTS_DIR}/UITextView+Placeholder/UITextView_Placeholder.framework",
			);
			name = "[CP] Embed Pods Frameworks";
			outputPaths = (
				"${TARGET_BUILD_DIR}/${FRAMEWORKS_FOLDER_PATH}/IQKeyboardManagerSwift.framework",
				"${TARGET_BUILD_DIR}/${FRAMEWORKS_FOLDER_PATH}/NCMB.framework",
				"${TARGET_BUILD_DIR}/${FRAMEWORKS_FOLDER_PATH}/ProgressHUD.framework",
				"${TARGET_BUILD_DIR}/${FRAMEWORKS_FOLDER_PATH}/UITextView_Placeholder.framework",
			);
			runOnlyForDeploymentPostprocessing = 0;
			shellPath = /bin/sh;
			shellScript = "\"${SRCROOT}/Pods/Target Support Files/Pods-SwiftFormApp/Pods-SwiftFormApp-frameworks.sh\"\n";
			showEnvVarsInLog = 0;
		};
		EA07A347EFB97AFBDB0596AE /* [CP] Check Pods Manifest.lock */ = {
			isa = PBXShellScriptBuildPhase;
			buildActionMask = 2147483647;
			files = (
			);
			inputPaths = (
				"${PODS_PODFILE_DIR_PATH}/Podfile.lock",
				"${PODS_ROOT}/Manifest.lock",
			);
			name = "[CP] Check Pods Manifest.lock";
			outputPaths = (
				"$(DERIVED_FILE_DIR)/Pods-SwiftFormApp-checkManifestLockResult.txt",
			);
			runOnlyForDeploymentPostprocessing = 0;
			shellPath = /bin/sh;
			shellScript = "diff \"${PODS_PODFILE_DIR_PATH}/Podfile.lock\" \"${PODS_ROOT}/Manifest.lock\" > /dev/null\nif [ $? != 0 ] ; then\n    # print error to STDERR\n    echo \"error: The sandbox is not in sync with the Podfile.lock. Run 'pod install' or update your CocoaPods installation.\" >&2\n    exit 1\nfi\n# This output is used by Xcode 'outputs' to avoid re-running this script phase.\necho \"SUCCESS\" > \"${SCRIPT_OUTPUT_FILE_0}\"\n";
			showEnvVarsInLog = 0;
		};
/* End PBXShellScriptBuildPhase section */

/* Begin PBXSourcesBuildPhase section */
		17E87A0C20F7546100D21861 /* Sources */ = {
			isa = PBXSourcesBuildPhase;
			buildActionMask = 2147483647;
			files = (
				17378D2420F88DF800843502 /* Demo2ViewController.swift in Sources */,
				179D8AC920FC58E800F9BF1A /* Demo31ViewController.swift in Sources */,
				179D8ACB20FC7A5C00F9BF1A /* Demo32ViewController.swift in Sources */,
				17E87A1620F7546100D21861 /* Demo1ViewController.swift in Sources */,
				17E87A1420F7546100D21861 /* AppDelegate.swift in Sources */,
				17E87A2C20F75ABA00D21861 /* SWRevealViewController.m in Sources */,
				17E87A2E20F75CB600D21861 /* MenuViewController.swift in Sources */,
				17E87A3120F8645000D21861 /* Mbaas.swift in Sources */,
				17378D1C20F8804F00843502 /* Utils.swift in Sources */,
				17378D2620F8924000843502 /* DataTableViewCell.swift in Sources */,
			);
			runOnlyForDeploymentPostprocessing = 0;
		};
/* End PBXSourcesBuildPhase section */

/* Begin PBXVariantGroup section */
		17378D2120F885B700843502 /* Localizable.strings */ = {
			isa = PBXVariantGroup;
			children = (
				17378D2020F885B700843502 /* en */,
				17378D2220F885F200843502 /* ja */,
			);
			name = Localizable.strings;
			sourceTree = "<group>";
		};
		17E87A1720F7546100D21861 /* Main.storyboard */ = {
			isa = PBXVariantGroup;
			children = (
				17E87A1820F7546100D21861 /* Base */,
			);
			name = Main.storyboard;
			sourceTree = "<group>";
		};
		17E87A1C20F7546100D21861 /* LaunchScreen.storyboard */ = {
			isa = PBXVariantGroup;
			children = (
				17E87A1D20F7546100D21861 /* Base */,
			);
			name = LaunchScreen.storyboard;
			sourceTree = "<group>";
		};
/* End PBXVariantGroup section */

/* Begin XCBuildConfiguration section */
		17E87A2020F7546100D21861 /* Debug */ = {
			isa = XCBuildConfiguration;
			buildSettings = {
				ALWAYS_SEARCH_USER_PATHS = NO;
				CLANG_ANALYZER_LOCALIZABILITY_NONLOCALIZED = YES;
				CLANG_ANALYZER_NONNULL = YES;
				CLANG_ANALYZER_NUMBER_OBJECT_CONVERSION = YES_AGGRESSIVE;
				CLANG_CXX_LANGUAGE_STANDARD = "gnu++14";
				CLANG_CXX_LIBRARY = "libc++";
				CLANG_ENABLE_MODULES = YES;
				CLANG_ENABLE_OBJC_ARC = YES;
				CLANG_WARN_BLOCK_CAPTURE_AUTORELEASING = YES;
				CLANG_WARN_BOOL_CONVERSION = YES;
				CLANG_WARN_COMMA = YES;
				CLANG_WARN_CONSTANT_CONVERSION = YES;
				CLANG_WARN_DIRECT_OBJC_ISA_USAGE = YES_ERROR;
				CLANG_WARN_DOCUMENTATION_COMMENTS = YES;
				CLANG_WARN_EMPTY_BODY = YES;
				CLANG_WARN_ENUM_CONVERSION = YES;
				CLANG_WARN_INFINITE_RECURSION = YES;
				CLANG_WARN_INT_CONVERSION = YES;
				CLANG_WARN_NON_LITERAL_NULL_CONVERSION = YES;
				CLANG_WARN_OBJC_LITERAL_CONVERSION = YES;
				CLANG_WARN_OBJC_ROOT_CLASS = YES_ERROR;
				CLANG_WARN_RANGE_LOOP_ANALYSIS = YES;
				CLANG_WARN_STRICT_PROTOTYPES = YES;
				CLANG_WARN_SUSPICIOUS_MOVE = YES;
				CLANG_WARN_UNGUARDED_AVAILABILITY = YES_AGGRESSIVE;
				CLANG_WARN_UNREACHABLE_CODE = YES;
				CLANG_WARN__DUPLICATE_METHOD_MATCH = YES;
				CODE_SIGN_IDENTITY = "iPhone Developer";
				COPY_PHASE_STRIP = NO;
				DEBUG_INFORMATION_FORMAT = dwarf;
				ENABLE_STRICT_OBJC_MSGSEND = YES;
				ENABLE_TESTABILITY = YES;
				GCC_C_LANGUAGE_STANDARD = gnu11;
				GCC_DYNAMIC_NO_PIC = NO;
				GCC_NO_COMMON_BLOCKS = YES;
				GCC_OPTIMIZATION_LEVEL = 0;
				GCC_PREPROCESSOR_DEFINITIONS = (
					"DEBUG=1",
					"$(inherited)",
				);
				GCC_WARN_64_TO_32_BIT_CONVERSION = YES;
				GCC_WARN_ABOUT_RETURN_TYPE = YES_ERROR;
				GCC_WARN_UNDECLARED_SELECTOR = YES;
				GCC_WARN_UNINITIALIZED_AUTOS = YES_AGGRESSIVE;
				GCC_WARN_UNUSED_FUNCTION = YES;
				GCC_WARN_UNUSED_VARIABLE = YES;
				IPHONEOS_DEPLOYMENT_TARGET = 11.2;
				MTL_ENABLE_DEBUG_INFO = YES;
				ONLY_ACTIVE_ARCH = YES;
				SDKROOT = iphoneos;
				SWIFT_ACTIVE_COMPILATION_CONDITIONS = DEBUG;
				SWIFT_OBJC_BRIDGING_HEADER = "SwiftFormApp-Bridging-Header.h";
				SWIFT_OPTIMIZATION_LEVEL = "-Onone";
			};
			name = Debug;
		};
		17E87A2120F7546100D21861 /* Release */ = {
			isa = XCBuildConfiguration;
			buildSettings = {
				ALWAYS_SEARCH_USER_PATHS = NO;
				CLANG_ANALYZER_LOCALIZABILITY_NONLOCALIZED = YES;
				CLANG_ANALYZER_NONNULL = YES;
				CLANG_ANALYZER_NUMBER_OBJECT_CONVERSION = YES_AGGRESSIVE;
				CLANG_CXX_LANGUAGE_STANDARD = "gnu++14";
				CLANG_CXX_LIBRARY = "libc++";
				CLANG_ENABLE_MODULES = YES;
				CLANG_ENABLE_OBJC_ARC = YES;
				CLANG_WARN_BLOCK_CAPTURE_AUTORELEASING = YES;
				CLANG_WARN_BOOL_CONVERSION = YES;
				CLANG_WARN_COMMA = YES;
				CLANG_WARN_CONSTANT_CONVERSION = YES;
				CLANG_WARN_DIRECT_OBJC_ISA_USAGE = YES_ERROR;
				CLANG_WARN_DOCUMENTATION_COMMENTS = YES;
				CLANG_WARN_EMPTY_BODY = YES;
				CLANG_WARN_ENUM_CONVERSION = YES;
				CLANG_WARN_INFINITE_RECURSION = YES;
				CLANG_WARN_INT_CONVERSION = YES;
				CLANG_WARN_NON_LITERAL_NULL_CONVERSION = YES;
				CLANG_WARN_OBJC_LITERAL_CONVERSION = YES;
				CLANG_WARN_OBJC_ROOT_CLASS = YES_ERROR;
				CLANG_WARN_RANGE_LOOP_ANALYSIS = YES;
				CLANG_WARN_STRICT_PROTOTYPES = YES;
				CLANG_WARN_SUSPICIOUS_MOVE = YES;
				CLANG_WARN_UNGUARDED_AVAILABILITY = YES_AGGRESSIVE;
				CLANG_WARN_UNREACHABLE_CODE = YES;
				CLANG_WARN__DUPLICATE_METHOD_MATCH = YES;
				CODE_SIGN_IDENTITY = "iPhone Developer";
				COPY_PHASE_STRIP = NO;
				DEBUG_INFORMATION_FORMAT = "dwarf-with-dsym";
				ENABLE_NS_ASSERTIONS = NO;
				ENABLE_STRICT_OBJC_MSGSEND = YES;
				GCC_C_LANGUAGE_STANDARD = gnu11;
				GCC_NO_COMMON_BLOCKS = YES;
				GCC_WARN_64_TO_32_BIT_CONVERSION = YES;
				GCC_WARN_ABOUT_RETURN_TYPE = YES_ERROR;
				GCC_WARN_UNDECLARED_SELECTOR = YES;
				GCC_WARN_UNINITIALIZED_AUTOS = YES_AGGRESSIVE;
				GCC_WARN_UNUSED_FUNCTION = YES;
				GCC_WARN_UNUSED_VARIABLE = YES;
				IPHONEOS_DEPLOYMENT_TARGET = 11.2;
				MTL_ENABLE_DEBUG_INFO = NO;
				SDKROOT = iphoneos;
				SWIFT_OBJC_BRIDGING_HEADER = "SwiftFormApp-Bridging-Header.h";
				SWIFT_OPTIMIZATION_LEVEL = "-Owholemodule";
				VALIDATE_PRODUCT = YES;
			};
			name = Release;
		};
		17E87A2320F7546100D21861 /* Debug */ = {
			isa = XCBuildConfiguration;
			baseConfigurationReference = EB9FEA62B11644BFD8CB5466 /* Pods-SwiftFormApp.debug.xcconfig */;
			buildSettings = {
				ASSETCATALOG_COMPILER_APPICON_NAME = AppIcon;
				CLANG_ENABLE_MODULES = YES;
				CODE_SIGN_STYLE = Automatic;
				DEVELOPMENT_TEAM = 93WJ9RBTRU;
				INFOPLIST_FILE = SwiftFormApp/Info.plist;
				IPHONEOS_DEPLOYMENT_TARGET = 10.0;
				LD_RUNPATH_SEARCH_PATHS = "$(inherited) @executable_path/Frameworks";
				PRODUCT_BUNDLE_IDENTIFIER = com.mbaas.nifcloud.SwiftFormApp;
				PRODUCT_NAME = "$(TARGET_NAME)";
				SWIFT_OBJC_BRIDGING_HEADER = "SwiftFormApp/SWRevealViewController/SwiftFormApp-Bridging-Header.h";
				SWIFT_OPTIMIZATION_LEVEL = "-Onone";
				SWIFT_VERSION = 4.0;
				TARGETED_DEVICE_FAMILY = "1,2";
			};
			name = Debug;
		};
		17E87A2420F7546100D21861 /* Release */ = {
			isa = XCBuildConfiguration;
			baseConfigurationReference = BF19C41B3DBFA74A3B44B62F /* Pods-SwiftFormApp.release.xcconfig */;
			buildSettings = {
				ASSETCATALOG_COMPILER_APPICON_NAME = AppIcon;
				CLANG_ENABLE_MODULES = YES;
				CODE_SIGN_STYLE = Automatic;
				DEVELOPMENT_TEAM = 93WJ9RBTRU;
				INFOPLIST_FILE = SwiftFormApp/Info.plist;
				IPHONEOS_DEPLOYMENT_TARGET = 10.0;
				LD_RUNPATH_SEARCH_PATHS = "$(inherited) @executable_path/Frameworks";
				PRODUCT_BUNDLE_IDENTIFIER = com.mbaas.nifcloud.SwiftFormApp;
				PRODUCT_NAME = "$(TARGET_NAME)";
				SWIFT_OBJC_BRIDGING_HEADER = "SwiftFormApp/SWRevealViewController/SwiftFormApp-Bridging-Header.h";
				SWIFT_VERSION = 4.0;
				TARGETED_DEVICE_FAMILY = "1,2";
			};
			name = Release;
		};
/* End XCBuildConfiguration section */

/* Begin XCConfigurationList section */
		17E87A0B20F7546100D21861 /* Build configuration list for PBXProject "SwiftFormApp" */ = {
			isa = XCConfigurationList;
			buildConfigurations = (
				17E87A2020F7546100D21861 /* Debug */,
				17E87A2120F7546100D21861 /* Release */,
			);
			defaultConfigurationIsVisible = 0;
			defaultConfigurationName = Release;
		};
		17E87A2220F7546100D21861 /* Build configuration list for PBXNativeTarget "SwiftFormApp" */ = {
			isa = XCConfigurationList;
			buildConfigurations = (
				17E87A2320F7546100D21861 /* Debug */,
				17E87A2420F7546100D21861 /* Release */,
			);
			defaultConfigurationIsVisible = 0;
			defaultConfigurationName = Release;
		};
/* End XCConfigurationList section */
	};
	rootObject = 17E87A0820F7546100D21861 /* Project object */;
}
